PODS:
  - AFNetworking (3.1.0):
    - AFNetworking/NSURLSession (= 3.1.0)
    - AFNetworking/Reachability (= 3.1.0)
    - AFNetworking/Security (= 3.1.0)
    - AFNetworking/Serialization (= 3.1.0)
    - AFNetworking/UIKit (= 3.1.0)
  - AFNetworking/NSURLSession (3.1.0):
    - AFNetworking/Reachability
    - AFNetworking/Security
    - AFNetworking/Serialization
  - AFNetworking/Reachability (3.1.0)
  - AFNetworking/Security (3.1.0)
  - AFNetworking/Serialization (3.1.0)
  - AFNetworking/UIKit (3.1.0):
    - AFNetworking/NSURLSession
  - AGEmojiKeyboard (0.2.1)
  - Base64 (1.0.1)
  - FMDB (2.6.2):
    - FMDB/standard (= 2.6.2)
  - FMDB/standard (2.6.2)
  - HCSStarRatingView (1.4.5)
  - HMSegmentedControl (1.5.3)
  - ImagePlayerView (1.0.5)
  - MBProgressHUD (0.9.2)
  - MJRefresh (3.0.8)
  - PNChart (0.8.9):
    - UICountingLabel (~> 1.2.0)
  - Reachability (3.2)
  - SDWebImage (3.7.6):
    - SDWebImage/Core (= 3.7.6)
  - SDWebImage/Core (3.7.6)
  - UICountingLabel (1.2.0)
  - ZJScrollPageView (0.1.8)

DEPENDENCIES:
  - AFNetworking (~> 3.0)
  - AGEmojiKeyboard
  - Base64 (~> 1.0.1)
  - FMDB (~> 2.5)
  - HCSStarRatingView (~> 1.4.5)
  - HMSegmentedControl
  - ImagePlayerView (~> 1.0.3)
  - MBProgressHUD (~> 0.9.2)
  - MJRefresh (~> 3.0.1)
  - PNChart
  - Reachability (~> 3.2)
  - SDWebImage (~> 3.7.2)
  - ZJScrollPageView (~> 0.1.8)

SPEC CHECKSUMS:
  AFNetworking: 5e0e199f73d8626b11e79750991f5d173d1f8b67
  AGEmojiKeyboard: d5a01a4b0de30e1f1c2a121503ac36a79c7217ab
  Base64: 4924bf3ca6fa559a5161ef717291bd450eb7bd1a
  FMDB: 854a0341b4726e53276f2a8996f06f1b80f9259a
  HCSStarRatingView: bff3f89314d3b5013ce826ea11897d3129ff6b8c
  HMSegmentedControl: 7c6145afb50f26cec5f3243082f6f12b9f41318f
  ImagePlayerView: b641cf435d8c259ee2c6b966852cdb1692984edc
  MBProgressHUD: 1569cf7ace17a8bac47aabfbb8580a49690386d1
  MJRefresh: fafde8f18f4afd66b434331a9beb67a6c0264056
  PNChart: 84774d225c2126ded6c93d4dbe6ae98c3a73c2d2
  Reachability: 33e18b67625424e47b6cde6d202dce689ad7af96
  SDWebImage: c325cf02c30337336b95beff20a13df489ec0ec9
  UICountingLabel: 1db4e7d023e1762171eb226d6dff47a7a84f27aa
  ZJScrollPageView: bed96a2377b927c3eb787fe95c332bc3bf485fe0

PODFILE CHECKSUM: 4cff1c85b7a950b25099c2ddec5a46e54a309bef

COCOAPODS: 1.2.0.beta.1
